// !$*UTF8*$!
{
	archiveVersion = 1;
	classes = {
	};
	objectVersion = 50;
	objects = {

/* Begin PBXBuildFile section */
		013FB177242CEE050015B3BA /* main.cpp in Sources */ = {isa = PBXBuildFile; fileRef = 013FB176242CEE050015B3BA /* main.cpp */; };
		01BB7A3B242D28C500079DB0 /* Transport.cpp in Sources */ = {isa = PBXBuildFile; fileRef = 01BB7A39242D28C500079DB0 /* Transport.cpp */; };
		01BB7A3E242D28EC00079DB0 /* Legkovie.cpp in Sources */ = {isa = PBXBuildFile; fileRef = 01BB7A3C242D28EC00079DB0 /* Legkovie.cpp */; };
		01BB7A41242D291600079DB0 /* Gruzivie.cpp in Sources */ = {isa = PBXBuildFile; fileRef = 01BB7A3F242D291600079DB0 /* Gruzivie.cpp */; };
		01BB7A4A242D2A8B00079DB0 /* Kamaz.cpp in Sources */ = {isa = PBXBuildFile; fileRef = 01BB7A48242D2A8B00079DB0 /* Kamaz.cpp */; };
		01BB7A4D242D2ABC00079DB0 /* Daf.cpp in Sources */ = {isa = PBXBuildFile; fileRef = 01BB7A4B242D2ABC00079DB0 /* Daf.cpp */; };
		01BB7A50242D2AF200079DB0 /* Jiga.cpp in Sources */ = {isa = PBXBuildFile; fileRef = 01BB7A4E242D2AF200079DB0 /* Jiga.cpp */; };
		01BB7A53242D2B1300079DB0 /* MClaren.cpp in Sources */ = {isa = PBXBuildFile; fileRef = 01BB7A51242D2B1300079DB0 /* MClaren.cpp */; };
/* End PBXBuildFile section */

/* Begin PBXCopyFilesBuildPhase section */
		013FB171242CEE050015B3BA /* CopyFiles */ = {
			isa = PBXCopyFilesBuildPhase;
			buildActionMask = 2147483647;
			dstPath = /usr/share/man/man1/;
			dstSubfolderSpec = 0;
			files = (
			);
			runOnlyForDeploymentPostprocessing = 1;
		};
/* End PBXCopyFilesBuildPhase section */

/* Begin PBXFileReference section */
		013FB173242CEE050015B3BA /* MegaProgect */ = {isa = PBXFileReference; explicitFileType = "compiled.mach-o.executable"; includeInIndex = 0; path = MegaProgect; sourceTree = BUILT_PRODUCTS_DIR; };
		013FB176242CEE050015B3BA /* main.cpp */ = {isa = PBXFileReference; lastKnownFileType = sourcecode.cpp.cpp; path = main.cpp; sourceTree = "<group>"; };
		01BB7A39242D28C500079DB0 /* Transport.cpp */ = {isa = PBXFileReference; lastKnownFileType = sourcecode.cpp.cpp; path = Transport.cpp; sourceTree = "<group>"; };
		01BB7A3A242D28C500079DB0 /* Transport.hpp */ = {isa = PBXFileReference; lastKnownFileType = sourcecode.cpp.h; path = Transport.hpp; sourceTree = "<group>"; };
		01BB7A3C242D28EC00079DB0 /* Legkovie.cpp */ = {isa = PBXFileReference; lastKnownFileType = sourcecode.cpp.cpp; path = Legkovie.cpp; sourceTree = "<group>"; };
		01BB7A3D242D28EC00079DB0 /* Legkovie.hpp */ = {isa = PBXFileReference; lastKnownFileType = sourcecode.cpp.h; path = Legkovie.hpp; sourceTree = "<group>"; };
		01BB7A3F242D291600079DB0 /* Gruzivie.cpp */ = {isa = PBXFileReference; lastKnownFileType = sourcecode.cpp.cpp; path = Gruzivie.cpp; sourceTree = "<group>"; };
		01BB7A40242D291600079DB0 /* Gruzivie.hpp */ = {isa = PBXFileReference; lastKnownFileType = sourcecode.cpp.h; path = Gruzivie.hpp; sourceTree = "<group>"; };
		01BB7A48242D2A8B00079DB0 /* Kamaz.cpp */ = {isa = PBXFileReference; lastKnownFileType = sourcecode.cpp.cpp; path = Kamaz.cpp; sourceTree = "<group>"; };
		01BB7A49242D2A8B00079DB0 /* Kamaz.hpp */ = {isa = PBXFileReference; lastKnownFileType = sourcecode.cpp.h; path = Kamaz.hpp; sourceTree = "<group>"; };
		01BB7A4B242D2ABC00079DB0 /* Daf.cpp */ = {isa = PBXFileReference; lastKnownFileType = sourcecode.cpp.cpp; path = Daf.cpp; sourceTree = "<group>"; };
		01BB7A4C242D2ABC00079DB0 /* Daf.hpp */ = {isa = PBXFileReference; lastKnownFileType = sourcecode.cpp.h; path = Daf.hpp; sourceTree = "<group>"; };
		01BB7A4E242D2AF200079DB0 /* Jiga.cpp */ = {isa = PBXFileReference; lastKnownFileType = sourcecode.cpp.cpp; path = Jiga.cpp; sourceTree = "<group>"; };
		01BB7A4F242D2AF200079DB0 /* Jiga.hpp */ = {isa = PBXFileReference; lastKnownFileType = sourcecode.cpp.h; path = Jiga.hpp; sourceTree = "<group>"; };
		01BB7A51242D2B1300079DB0 /* MClaren.cpp */ = {isa = PBXFileReference; lastKnownFileType = sourcecode.cpp.cpp; path = MClaren.cpp; sourceTree = "<group>"; };
		01BB7A52242D2B1300079DB0 /* MClaren.hpp */ = {isa = PBXFileReference; lastKnownFileType = sourcecode.cpp.h; path = MClaren.hpp; sourceTree = "<group>"; };
/* End PBXFileReference section */

/* Begin PBXFrameworksBuildPhase section */
		013FB170242CEE050015B3BA /* Frameworks */ = {
			isa = PBXFrameworksBuildPhase;
			buildActionMask = 2147483647;
			files = (
			);
			runOnlyForDeploymentPostprocessing = 0;
		};
/* End PBXFrameworksBuildPhase section */

/* Begin PBXGroup section */
		013FB16A242CEE050015B3BA = {
			isa = PBXGroup;
			children = (
				013FB175242CEE050015B3BA /* MegaProgect */,
				013FB174242CEE050015B3BA /* Products */,
			);
			sourceTree = "<group>";
		};
		013FB174242CEE050015B3BA /* Products */ = {
			isa = PBXGroup;
			children = (
				013FB173242CEE050015B3BA /* MegaProgect */,
			);
			name = Products;
			sourceTree = "<group>";
		};
		013FB175242CEE050015B3BA /* MegaProgect */ = {
			isa = PBXGroup;
			children = (
				013FB176242CEE050015B3BA /* main.cpp */,
				01BB7A39242D28C500079DB0 /* Transport.cpp */,
				01BB7A3A242D28C500079DB0 /* Transport.hpp */,
				01BB7A3F242D291600079DB0 /* Gruzivie.cpp */,
				01BB7A40242D291600079DB0 /* Gruzivie.hpp */,
				01BB7A3C242D28EC00079DB0 /* Legkovie.cpp */,
				01BB7A3D242D28EC00079DB0 /* Legkovie.hpp */,
				01BB7A48242D2A8B00079DB0 /* Kamaz.cpp */,
				01BB7A49242D2A8B00079DB0 /* Kamaz.hpp */,
				01BB7A4B242D2ABC00079DB0 /* Daf.cpp */,
				01BB7A4C242D2ABC00079DB0 /* Daf.hpp */,
				01BB7A4E242D2AF200079DB0 /* Jiga.cpp */,
				01BB7A4F242D2AF200079DB0 /* Jiga.hpp */,
				01BB7A51242D2B1300079DB0 /* MClaren.cpp */,
				01BB7A52242D2B1300079DB0 /* MClaren.hpp */,
			);
			path = MegaProgect;
			sourceTree = "<group>";
		};
/* End PBXGroup section */

/* Begin PBXNativeTarget section */
		013FB172242CEE050015B3BA /* MegaProgect */ = {
			isa = PBXNativeTarget;
			buildConfigurationList = 013FB17A242CEE050015B3BA /* Build configuration list for PBXNativeTarget "MegaProgect" */;
			buildPhases = (
				013FB16F242CEE050015B3BA /* Sources */,
				013FB170242CEE050015B3BA /* Frameworks */,
				013FB171242CEE050015B3BA /* CopyFiles */,
			);
			buildRules = (
			);
			dependencies = (
			);
			name = MegaProgect;
			productName = MegaProgect;
			productReference = 013FB173242CEE050015B3BA /* MegaProgect */;
			productType = "com.apple.product-type.tool";
		};
/* End PBXNativeTarget section */

/* Begin PBXProject section */
		013FB16B242CEE050015B3BA /* Project object */ = {
			isa = PBXProject;
			attributes = {
				LastUpgradeCheck = 1140;
				ORGANIZATIONNAME = "Кирилл Зинкин";
				TargetAttributes = {
					013FB172242CEE050015B3BA = {
						CreatedOnToolsVersion = 11.3.1;
					};
				};
			};
			buildConfigurationList = 013FB16E242CEE050015B3BA /* Build configuration list for PBXProject "MegaProgect" */;
			compatibilityVersion = "Xcode 9.3";
			developmentRegion = en;
			hasScannedForEncodings = 0;
			knownRegions = (
				en,
				Base,
			);
			mainGroup = 013FB16A242CEE050015B3BA;
			productRefGroup = 013FB174242CEE050015B3BA /* Products */;
			projectDirPath = "";
			projectRoot = "";
			targets = (
				013FB172242CEE050015B3BA /* MegaProgect */,
			);
		};
/* End PBXProject section */

/* Begin PBXSourcesBuildPhase section */
		013FB16F242CEE050015B3BA /* Sources */ = {
			isa = PBXSourcesBuildPhase;
			buildActionMask = 2147483647;
			files = (
				01BB7A50242D2AF200079DB0 /* Jiga.cpp in Sources */,
				013FB177242CEE050015B3BA /* main.cpp in Sources */,
				01BB7A4A242D2A8B00079DB0 /* Kamaz.cpp in Sources */,
				01BB7A3B242D28C500079DB0 /* Transport.cpp in Sources */,
				01BB7A4D242D2ABC00079DB0 /* Daf.cpp in Sources */,
				01BB7A41242D291600079DB0 /* Gruzivie.cpp in Sources */,
				01BB7A53242D2B1300079DB0 /* MClaren.cpp in Sources */,
				01BB7A3E242D28EC00079DB0 /* Legkovie.cpp in Sources */,
			);
			runOnlyForDeploymentPostprocessing = 0;
		};
/* End PBXSourcesBuildPhase section */

/* Begin XCBuildConfiguration section */
		013FB178242CEE050015B3BA /* Debug */ = {
			isa = XCBuildConfiguration;
			buildSettings = {
				ALWAYS_SEARCH_USER_PATHS = NO;
				CLANG_ANALYZER_NONNULL = YES;
				CLANG_ANALYZER_NUMBER_OBJECT_CONVERSION = YES_AGGRESSIVE;
				CLANG_CXX_LANGUAGE_STANDARD = "gnu++14";
				CLANG_CXX_LIBRARY = "libc++";
				CLANG_ENABLE_MODULES = YES;
				CLANG_ENABLE_OBJC_ARC = YES;
				CLANG_ENABLE_OBJC_WEAK = YES;
				CLANG_WARN_BLOCK_CAPTURE_AUTORELEASING = YES;
				CLANG_WARN_BOOL_CONVERSION = YES;
				CLANG_WARN_COMMA = YES;
				CLANG_WARN_CONSTANT_CONVERSION = YES;
				CLANG_WARN_DEPRECATED_OBJC_IMPLEMENTATIONS = YES;
				CLANG_WARN_DIRECT_OBJC_ISA_USAGE = YES_ERROR;
				CLANG_WARN_DOCUMENTATION_COMMENTS = YES;
				CLANG_WARN_EMPTY_BODY = YES;
				CLANG_WARN_ENUM_CONVERSION = YES;
				CLANG_WARN_INFINITE_RECURSION = YES;
				CLANG_WARN_INT_CONVERSION = YES;
				CLANG_WARN_NON_LITERAL_NULL_CONVERSION = YES;
				CLANG_WARN_OBJC_IMPLICIT_RETAIN_SELF = YES;
				CLANG_WARN_OBJC_LITERAL_CONVERSION = YES;
				CLANG_WARN_OBJC_ROOT_CLASS = YES_ERROR;
				CLANG_WARN_RANGE_LOOP_ANALYSIS = YES;
				CLANG_WARN_STRICT_PROTOTYPES = YES;
				CLANG_WARN_SUSPICIOUS_MOVE = YES;
				CLANG_WARN_UNGUARDED_AVAILABILITY = YES_AGGRESSIVE;
				CLANG_WARN_UNREACHABLE_CODE = YES;
				CLANG_WARN__DUPLICATE_METHOD_MATCH = YES;
				COPY_PHASE_STRIP = NO;
				DEBUG_INFORMATION_FORMAT = dwarf;
				ENABLE_STRICT_OBJC_MSGSEND = YES;
				ENABLE_TESTABILITY = YES;
				GCC_C_LANGUAGE_STANDARD = gnu11;
				GCC_DYNAMIC_NO_PIC = NO;
				GCC_NO_COMMON_BLOCKS = YES;
				GCC_OPTIMIZATION_LEVEL = 0;
				GCC_PREPROCESSOR_DEFINITIONS = (
					"DEBUG=1",
					"$(inherited)",
				);
				GCC_WARN_64_TO_32_BIT_CONVERSION = YES;
				GCC_WARN_ABOUT_RETURN_TYPE = YES_ERROR;
				GCC_WARN_UNDECLARED_SELECTOR = YES;
				GCC_WARN_UNINITIALIZED_AUTOS = YES_AGGRESSIVE;
				GCC_WARN_UNUSED_FUNCTION = YES;
				GCC_WARN_UNUSED_VARIABLE = YES;
				MACOSX_DEPLOYMENT_TARGET = 10.15;
				MTL_ENABLE_DEBUG_INFO = INCLUDE_SOURCE;
				MTL_FAST_MATH = YES;
				ONLY_ACTIVE_ARCH = YES;
				SDKROOT = macosx;
			};
			name = Debug;
		};
		013FB179242CEE050015B3BA /* Release */ = {
			isa = XCBuildConfiguration;
			buildSettings = {
				ALWAYS_SEARCH_USER_PATHS = NO;
				CLANG_ANALYZER_NONNULL = YES;
				CLANG_ANALYZER_NUMBER_OBJECT_CONVERSION = YES_AGGRESSIVE;
				CLANG_CXX_LANGUAGE_STANDARD = "gnu++14";
				CLANG_CXX_LIBRARY = "libc++";
				CLANG_ENABLE_MODULES = YES;
				CLANG_ENABLE_OBJC_ARC = YES;
				CLANG_ENABLE_OBJC_WEAK = YES;
				CLANG_WARN_BLOCK_CAPTURE_AUTORELEASING = YES;
				CLANG_WARN_BOOL_CONVERSION = YES;
				CLANG_WARN_COMMA = YES;
				CLANG_WARN_CONSTANT_CONVERSION = YES;
				CLANG_WARN_DEPRECATED_OBJC_IMPLEMENTATIONS = YES;
				CLANG_WARN_DIRECT_OBJC_ISA_USAGE = YES_ERROR;
				CLANG_WARN_DOCUMENTATION_COMMENTS = YES;
				CLANG_WARN_EMPTY_BODY = YES;
				CLANG_WARN_ENUM_CONVERSION = YES;
				CLANG_WARN_INFINITE_RECURSION = YES;
				CLANG_WARN_INT_CONVERSION = YES;
				CLANG_WARN_NON_LITERAL_NULL_CONVERSION = YES;
				CLANG_WARN_OBJC_IMPLICIT_RETAIN_SELF = YES;
				CLANG_WARN_OBJC_LITERAL_CONVERSION = YES;
				CLANG_WARN_OBJC_ROOT_CLASS = YES_ERROR;
				CLANG_WARN_RANGE_LOOP_ANALYSIS = YES;
				CLANG_WARN_STRICT_PROTOTYPES = YES;
				CLANG_WARN_SUSPICIOUS_MOVE = YES;
				CLANG_WARN_UNGUARDED_AVAILABILITY = YES_AGGRESSIVE;
				CLANG_WARN_UNREACHABLE_CODE = YES;
				CLANG_WARN__DUPLICATE_METHOD_MATCH = YES;
				COPY_PHASE_STRIP = NO;
				DEBUG_INFORMATION_FORMAT = "dwarf-with-dsym";
				ENABLE_NS_ASSERTIONS = NO;
				ENABLE_STRICT_OBJC_MSGSEND = YES;
				GCC_C_LANGUAGE_STANDARD = gnu11;
				GCC_NO_COMMON_BLOCKS = YES;
				GCC_WARN_64_TO_32_BIT_CONVERSION = YES;
				GCC_WARN_ABOUT_RETURN_TYPE = YES_ERROR;
				GCC_WARN_UNDECLARED_SELECTOR = YES;
				GCC_WARN_UNINITIALIZED_AUTOS = YES_AGGRESSIVE;
				GCC_WARN_UNUSED_FUNCTION = YES;
				GCC_WARN_UNUSED_VARIABLE = YES;
				MACOSX_DEPLOYMENT_TARGET = 10.15;
				MTL_ENABLE_DEBUG_INFO = NO;
				MTL_FAST_MATH = YES;
				SDKROOT = macosx;
			};
			name = Release;
		};
		013FB17B242CEE050015B3BA /* Debug */ = {
			isa = XCBuildConfiguration;
			buildSettings = {
				CODE_SIGN_IDENTITY = "-";
				CODE_SIGN_STYLE = Automatic;
				PRODUCT_NAME = "$(TARGET_NAME)";
			};
			name = Debug;
		};
		013FB17C242CEE050015B3BA /* Release */ = {
			isa = XCBuildConfiguration;
			buildSettings = {
				CODE_SIGN_IDENTITY = "-";
				CODE_SIGN_STYLE = Automatic;
				PRODUCT_NAME = "$(TARGET_NAME)";
			};
			name = Release;
		};
/* End XCBuildConfiguration section */

/* Begin XCConfigurationList section */
		013FB16E242CEE050015B3BA /* Build configuration list for PBXProject "MegaProgect" */ = {
			isa = XCConfigurationList;
			buildConfigurations = (
				013FB178242CEE050015B3BA /* Debug */,
				013FB179242CEE050015B3BA /* Release */,
			);
			defaultConfigurationIsVisible = 0;
			defaultConfigurationName = Debug;
		};
		013FB17A242CEE050015B3BA /* Build configuration list for PBXNativeTarget "MegaProgect" */ = {
			isa = XCConfigurationList;
			buildConfigurations = (
				013FB17B242CEE050015B3BA /* Debug */,
				013FB17C242CEE050015B3BA /* Release */,
			);
			defaultConfigurationIsVisible = 0;
			defaultConfigurationName = Debug;
		};
/* End XCConfigurationList section */
	};
	rootObject = 013FB16B242CEE050015B3BA /* Project object */;
}
